
Microsoft Visual Studio Solution File, Format Version 12.00
# Visual Studio Version 17
VisualStudioVersion = 17.6.33723.286
MinimumVisualStudioVersion = 10.0.40219.1
Project("{FAE04EC0-301F-11D3-BF4B-00C04F79EFBC}") = "BookstoreManagement", "BookstoreManagement.csproj", "{354BC0F2-11CE-4454-BEAE-48201ACA8346}"
EndProject
Global
	GlobalSection(SolutionConfigurationPlatforms) = preSolution
		Debug|Any CPU = Debug|Any CPU
		Release|Any CPU = Release|Any CPU
	EndGlobalSection
	GlobalSection(ProjectConfigurationPlatforms) = postSolution
		{354BC0F2-11CE-4454-BEAE-48201ACA8346}.Debug|Any CPU.ActiveCfg = Debug|Any CPU
		{354BC0F2-11CE-4454-BEAE-48201ACA8346}.Debug|Any CPU.Build.0 = Debug|Any CPU
		{354BC0F2-11CE-4454-BEAE-48201ACA8346}.Release|Any CPU.ActiveCfg = Release|Any CPU
		{354BC0F2-11CE-4454-BEAE-48201ACA8346}.Release|Any CPU.Build.0 = Release|Any CPU
	EndGlobalSection
	GlobalSection(SolutionProperties) = preSolution
		HideSolutionNode = FALSE
	EndGlobalSection
	GlobalSection(ExtensibilityGlobals) = postSolution
		SolutionGuid = {26B8CCDD-1275-4CCB-A950-92E691CFB417}
	EndGlobalSection
EndGlobal
